
Microsoft Visual Studio Solution File, Format Version 12.00
# Visual Studio Version 17
VisualStudioVersion = 17.4.33205.214
MinimumVisualStudioVersion = 10.0.40219.1
Project("{8BC9CEB8-8B4A-11D0-8D11-00A0C91BC942}") = "AimBot", "AimBot.vcxproj", "{6EDD7793-F9BE-4C07-B507-968D6AA39753}"
EndProject
Global
	GlobalSection(SolutionConfigurationPlatforms) = preSolution
		Debug|x64 = Debug|x64
		Debug|x86 = Debug|x86
		Release|x64 = Release|x64
		Release|x86 = Release|x86
	EndGlobalSection
	GlobalSection(ProjectConfigurationPlatforms) = postSolution
		{6EDD7793-F9BE-4C07-B507-968D6AA39753}.Debug|x64.ActiveCfg = Debug|x64
		{6EDD7793-F9BE-4C07-B507-968D6AA39753}.Debug|x64.Build.0 = Debug|x64
		{6EDD7793-F9BE-4C07-B507-968D6AA39753}.Debug|x86.ActiveCfg = Debug|Win32
		{6EDD7793-F9BE-4C07-B507-968D6AA39753}.Debug|x86.Build.0 = Debug|Win32
		{6EDD7793-F9BE-4C07-B507-968D6AA39753}.Release|x64.ActiveCfg = Release|x64
		{6EDD7793-F9BE-4C07-B507-968D6AA39753}.Release|x64.Build.0 = Release|x64
		{6EDD7793-F9BE-4C07-B507-968D6AA39753}.Release|x86.ActiveCfg = Release|Win32
		{6EDD7793-F9BE-4C07-B507-968D6AA39753}.Release|x86.Build.0 = Release|Win32
	EndGlobalSection
	GlobalSection(SolutionProperties) = preSolution
		HideSolutionNode = FALSE
	EndGlobalSection
	GlobalSection(ExtensibilityGlobals) = postSolution
		SolutionGuid = {9F2A57B7-4FB0-4D42-B873-68ED17D13268}
	EndGlobalSection
EndGlobal
